
Microsoft Visual Studio Solution File, Format Version 12.00
# Visual Studio Version 17
VisualStudioVersion = 17.1.32328.378
MinimumVisualStudioVersion = 10.0.40219.1
Project("{FAE04EC0-301F-11D3-BF4B-00C04F79EFBC}") = "fiorello", "fiorello\fiorello.csproj", "{4DCBD722-1E15-4CBA-A41C-6BF3E6DE1EBB}"
EndProject
Global
	GlobalSection(SolutionConfigurationPlatforms) = preSolution
		Debug|Any CPU = Debug|Any CPU
		Release|Any CPU = Release|Any CPU
	EndGlobalSection
	GlobalSection(ProjectConfigurationPlatforms) = postSolution
		{4DCBD722-1E15-4CBA-A41C-6BF3E6DE1EBB}.Debug|Any CPU.ActiveCfg = Debug|Any CPU
		{4DCBD722-1E15-4CBA-A41C-6BF3E6DE1EBB}.Debug|Any CPU.Build.0 = Debug|Any CPU
		{4DCBD722-1E15-4CBA-A41C-6BF3E6DE1EBB}.Release|Any CPU.ActiveCfg = Release|Any CPU
		{4DCBD722-1E15-4CBA-A41C-6BF3E6DE1EBB}.Release|Any CPU.Build.0 = Release|Any CPU
	EndGlobalSection
	GlobalSection(SolutionProperties) = preSolution
		HideSolutionNode = FALSE
	EndGlobalSection
	GlobalSection(ExtensibilityGlobals) = postSolution
		SolutionGuid = {6D4BB1F8-BFDE-4678-9190-55A1B5A556AB}
	EndGlobalSection
EndGlobal
