
Microsoft Visual Studio Solution File, Format Version 12.00
# Visual Studio Version 17
VisualStudioVersion = 17.1.32328.378
MinimumVisualStudioVersion = 10.0.40219.1
Project("{FAE04EC0-301F-11D3-BF4B-00C04F79EFBC}") = "first", "first\first.csproj", "{9DFB2BF8-D31E-4EE9-92A6-F1A52420420D}"
EndProject
Global
	GlobalSection(SolutionConfigurationPlatforms) = preSolution
		Debug|Any CPU = Debug|Any CPU
		Release|Any CPU = Release|Any CPU
	EndGlobalSection
	GlobalSection(ProjectConfigurationPlatforms) = postSolution
		{9DFB2BF8-D31E-4EE9-92A6-F1A52420420D}.Debug|Any CPU.ActiveCfg = Debug|Any CPU
		{9DFB2BF8-D31E-4EE9-92A6-F1A52420420D}.Debug|Any CPU.Build.0 = Debug|Any CPU
		{9DFB2BF8-D31E-4EE9-92A6-F1A52420420D}.Release|Any CPU.ActiveCfg = Release|Any CPU
		{9DFB2BF8-D31E-4EE9-92A6-F1A52420420D}.Release|Any CPU.Build.0 = Release|Any CPU
	EndGlobalSection
	GlobalSection(SolutionProperties) = preSolution
		HideSolutionNode = FALSE
	EndGlobalSection
	GlobalSection(ExtensibilityGlobals) = postSolution
		SolutionGuid = {FF8808A3-AC97-46A5-8E59-165119E494EE}
	EndGlobalSection
EndGlobal
